
Microsoft Visual Studio Solution File, Format Version 12.00
Project("{FAE04EC0-301F-11D3-BF4B-00C04F79EFBC}") = "SecureNotesPlus", "SecureNotesPlus\SecureNotesPlus.csproj", "{2A649CAF-29B1-4C6B-8FE0-825389583B05}"
EndProject
Global
	GlobalSection(SolutionConfigurationPlatforms) = preSolution
		Debug|Any CPU = Debug|Any CPU
		Release|Any CPU = Release|Any CPU
	EndGlobalSection
	GlobalSection(ProjectConfigurationPlatforms) = postSolution
		{2A649CAF-29B1-4C6B-8FE0-825389583B05}.Debug|Any CPU.ActiveCfg = Debug|Any CPU
		{2A649CAF-29B1-4C6B-8FE0-825389583B05}.Debug|Any CPU.Build.0 = Debug|Any CPU
		{2A649CAF-29B1-4C6B-8FE0-825389583B05}.Release|Any CPU.ActiveCfg = Release|Any CPU
		{2A649CAF-29B1-4C6B-8FE0-825389583B05}.Release|Any CPU.Build.0 = Release|Any CPU
	EndGlobalSection
EndGlobal
